
Microsoft Visual Studio Solution File, Format Version 12.00
Project("{F2A71F9B-5D33-465A-A702-920D77279786}") = "EquipmentManagement", "src\EquipmentManagement\EquipmentManagement.fsproj", "{15D6549D-53FD-4060-8E2C-DEFE26849272}"
EndProject
Global
	GlobalSection(SolutionConfigurationPlatforms) = preSolution
		Debug|Any CPU = Debug|Any CPU
		Release|Any CPU = Release|Any CPU
	EndGlobalSection
	GlobalSection(ProjectConfigurationPlatforms) = postSolution
		{15D6549D-53FD-4060-8E2C-DEFE26849272}.Debug|Any CPU.ActiveCfg = Debug|Any CPU
		{15D6549D-53FD-4060-8E2C-DEFE26849272}.Debug|Any CPU.Build.0 = Debug|Any CPU
		{15D6549D-53FD-4060-8E2C-DEFE26849272}.Release|Any CPU.ActiveCfg = Release|Any CPU
		{15D6549D-53FD-4060-8E2C-DEFE26849272}.Release|Any CPU.Build.0 = Release|Any CPU
	EndGlobalSection
EndGlobal
